# THIS IS AN AUTOGENERATED FILE. DO NOT EDIT THIS FILE DIRECTLY.
# yarn lockfile v1


purty@^6.3.1:
  version "6.3.1"
  resolved "https://registry.yarnpkg.com/purty/-/purty-6.3.1.tgz#73531f7156b8a0f7738544e22fb5a48e5acd5dde"
  integrity sha512-KfOSejzz4PExqRwhRuLIJoggKY+cCVLGt+fB4csiyEv3ATX0IB93udl66UW4ZVj/zNJ4Ds+FK9nLfEXcNwBo5A==
